<?xml version="1.0" encoding="utf-8"?>
<Project ToolsVersion="4.0" xmlns="http://schemas.microsoft.com/developer/msbuild/2003">
  <ItemGroup>
    <Filter Include="Source Files">
      <UniqueIdentifier>{fe3d7ec3-7d5f-41c0-9578-81eeb720dcd1}</UniqueIdentifier>
      <Extensions>cpp;c;cxx;rc;def;r;odl;idl;hpj;bat</Extensions>
    </Filter>
    <Filter Include="Header Files">
      <UniqueIdentifier>{f9644297-c9d9-4ad0-b344-95713d3b3e93}</UniqueIdentifier>
      <Extensions>h;hpp;hxx;hm;inl</Extensions>
    </Filter>
    <Filter Include="Resource Files">
      <UniqueIdentifier>{bd36a1a3-bdfb-48dc-a100-b5dc7cd4c0aa}</UniqueIdentifier>
      <Extensions>ico;cur;bmp;dlg;rc2;rct;bin;rgs;gif;jpg;jpeg;jpe</Extensions>
    </Filter>
    <Filter Include="misc">
      <UniqueIdentifier>{466dff4a-843f-481b-908a-1c382d0ee7ea}</UniqueIdentifier>
    </Filter>
  </ItemGroup>
  <ItemGroup>
    <ClCompile Include="GameWorld.cpp">
      <Filter>Source Files</Filter>
    </ClCompile>
    <ClCompile Include="main.cpp">
      <Filter>Source Files</Filter>
    </ClCompile>
    <ClCompile Include="SteeringBehaviors.cpp">
      <Filter>Source Files</Filter>
    </ClCompile>
    <ClCompile Include="Vehicle.cpp">
      <Filter>Source Files</Filter>
    </ClCompile>
    <ClCompile Include="..\Common\misc\Cgdi.cpp">
      <Filter>misc</Filter>
    </ClCompile>
    <ClCompile Include="..\Common\misc\iniFileLoaderBase.cpp">
      <Filter>misc</Filter>
    </ClCompile>
    <ClCompile Include="Obstacle.cpp">
      <Filter>misc</Filter>
    </ClCompile>
    <ClCompile Include="ParamLoader.cpp">
      <Filter>misc</Filter>
    </ClCompile>
    <ClCompile Include="Path.cpp">
      <Filter>misc</Filter>
    </ClCompile>
    <ClCompile Include="..\Common\Time\PrecisionTimer.cpp">
      <Filter>misc</Filter>
    </ClCompile>
    <ClCompile Include="..\Common\2D\Vector2d.cpp">
      <Filter>misc</Filter>
    </ClCompile>
    <ClCompile Include="..\Common\misc\WindowUtils.cpp">
      <Filter>misc</Filter>
    </ClCompile>
  </ItemGroup>
  <ItemGroup>
    <ClInclude Include="BaseGameEntity.h">
      <Filter>Header Files</Filter>
    </ClInclude>
    <ClInclude Include="..\Common\misc\CellSpacePartition.h">
      <Filter>Header Files</Filter>
    </ClInclude>
    <ClInclude Include="constants.h">
      <Filter>Header Files</Filter>
    </ClInclude>
    <ClInclude Include="GameWorld.h">
      <Filter>Header Files</Filter>
    </ClInclude>
    <ClInclude Include="MovingEntity.h">
      <Filter>Header Files</Filter>
    </ClInclude>
    <ClInclude Include="SteeringBehaviors.h">
      <Filter>Header Files</Filter>
    </ClInclude>
    <ClInclude Include="Vehicle.h">
      <Filter>Header Files</Filter>
    </ClInclude>
    <ClInclude Include="resource.h">
      <Filter>Resource Files</Filter>
    </ClInclude>
    <ClInclude Include="..\Common\2D\C2DMatrix.h">
      <Filter>misc</Filter>
    </ClInclude>
    <ClInclude Include="..\Common\misc\Cgdi.h">
      <Filter>misc</Filter>
    </ClInclude>
    <ClInclude Include="EntityFunctionTemplates.h">
      <Filter>misc</Filter>
    </ClInclude>
    <ClInclude Include="..\Common\2D\geometry.h">
      <Filter>misc</Filter>
    </ClInclude>
    <ClInclude Include="..\Common\misc\iniFileLoaderBase.h">
      <Filter>misc</Filter>
    </ClInclude>
    <ClInclude Include="..\Common\2D\InvertedAABBox2D.h">
      <Filter>misc</Filter>
    </ClInclude>
    <ClInclude Include="Obstacle.h">
      <Filter>misc</Filter>
    </ClInclude>
    <ClInclude Include="ParamLoader.h">
      <Filter>misc</Filter>
    </ClInclude>
    <ClInclude Include="Path.h">
      <Filter>misc</Filter>
    </ClInclude>
    <ClInclude Include="..\Common\Time\PrecisionTimer.h">
      <Filter>misc</Filter>
    </ClInclude>
    <ClInclude Include="..\Common\misc\Smoother.h">
      <Filter>misc</Filter>
    </ClInclude>
    <ClInclude Include="..\Common\misc\Stream_Utility_Functions.h">
      <Filter>misc</Filter>
    </ClInclude>
    <ClInclude Include="..\Common\2D\Transformations.h">
      <Filter>misc</Filter>
    </ClInclude>
    <ClInclude Include="..\Common\misc\utils.h">
      <Filter>misc</Filter>
    </ClInclude>
    <ClInclude Include="..\Common\2D\Vector2D.h">
      <Filter>misc</Filter>
    </ClInclude>
    <ClInclude Include="..\Common\2D\Wall2D.h">
      <Filter>misc</Filter>
    </ClInclude>
    <ClInclude Include="..\Common\misc\WindowUtils.h">
      <Filter>misc</Filter>
    </ClInclude>
  </ItemGroup>
  <ItemGroup>
    <None Include="params.ini">
      <Filter>Resource Files</Filter>
    </None>
  </ItemGroup>
  <ItemGroup>
    <ResourceCompile Include="Script1.rc">
      <Filter>Resource Files</Filter>
    </ResourceCompile>
  </ItemGroup>
</Project>